
Microsoft Visual Studio Solution File, Format Version 12.00
# Visual Studio Version 17
VisualStudioVersion = 17.8.34330.188
MinimumVisualStudioVersion = 10.0.40219.1
Project("{FAE04EC0-301F-11D3-BF4B-00C04F79EFBC}") = "WinFormsApp1", "WinFormsApp1\WinFormsApp1.csproj", "{D2CFE539-4B8B-4779-A13F-BED1D9B76DA8}"
EndProject
Global
	GlobalSection(SolutionConfigurationPlatforms) = preSolution
		Debug|Any CPU = Debug|Any CPU
		Release|Any CPU = Release|Any CPU
	EndGlobalSection
	GlobalSection(ProjectConfigurationPlatforms) = postSolution
		{D2CFE539-4B8B-4779-A13F-BED1D9B76DA8}.Debug|Any CPU.ActiveCfg = Debug|Any CPU
		{D2CFE539-4B8B-4779-A13F-BED1D9B76DA8}.Debug|Any CPU.Build.0 = Debug|Any CPU
		{D2CFE539-4B8B-4779-A13F-BED1D9B76DA8}.Release|Any CPU.ActiveCfg = Release|Any CPU
		{D2CFE539-4B8B-4779-A13F-BED1D9B76DA8}.Release|Any CPU.Build.0 = Release|Any CPU
	EndGlobalSection
	GlobalSection(SolutionProperties) = preSolution
		HideSolutionNode = FALSE
	EndGlobalSection
	GlobalSection(ExtensibilityGlobals) = postSolution
		SolutionGuid = {82064473-90F4-46AB-9E17-2CA1565577B7}
	EndGlobalSection
EndGlobal
