
Microsoft Visual Studio Solution File, Format Version 12.00
# Visual Studio Version 17
VisualStudioVersion = 17.7.34202.233
MinimumVisualStudioVersion = 10.0.40219.1
Project("{9A19103F-16F7-4668-BE54-9A1E7A4F7556}") = "01-VeriTipleriveDegiskenler", "01-VeriTipleriveDegiskenler\01-VeriTipleriveDegiskenler.csproj", "{BC022006-E4A0-498E-96D6-DF8193630EE6}"
EndProject
Project("{9A19103F-16F7-4668-BE54-9A1E7A4F7556}") = "02-AritmetikselOperatorler", "02-AritmetikselOperatorler\02-AritmetikselOperatorler.csproj", "{677BD88D-7B67-486E-8786-31389BA2A764}"
EndProject
Project("{9A19103F-16F7-4668-BE54-9A1E7A4F7556}") = "03-TipDonusturmeMetotlari", "03-TipDonusturmeMetotlari\03-TipDonusturmeMetotlari.csproj", "{87710975-24FA-4BF5-81E9-AA998082DE1F}"
EndProject
Project("{9A19103F-16F7-4668-BE54-9A1E7A4F7556}") = "04-MantiksalOperatorlerveIfElse", "04-MantiksalOperatorlerveIfElse\04-MantiksalOperatorlerveIfElse.csproj", "{462465FC-D83D-4043-845D-A340FC969A3F}"
EndProject
Project("{9A19103F-16F7-4668-BE54-9A1E7A4F7556}") = "05-SwitchCaseKullanimi", "05-SwitchCaseKullanimi\05-SwitchCaseKullanimi.csproj", "{8678424A-35DF-4F03-9111-E88F0CBBC1F9}"
EndProject
Project("{9A19103F-16F7-4668-BE54-9A1E7A4F7556}") = "06-TryCatchKullanimi", "06-TryCatchKullanimi\06-TryCatchKullanimi.csproj", "{82757D75-88A0-42F1-A3BE-B19D4534D83E}"
EndProject
Project("{FAE04EC0-301F-11D3-BF4B-00C04F79EFBC}") = "07-ForDongusu", "07-ForDongusu\07-ForDongusu.csproj", "{7A0610BD-2BD8-4246-8883-B2260A4B7946}"
EndProject
Project("{FAE04EC0-301F-11D3-BF4B-00C04F79EFBC}") = "08-WhileDongusu", "08-WhileDongusu\08-WhileDongusu.csproj", "{A79FF1FD-8451-4508-9806-94556A8CEA18}"
EndProject
Project("{FAE04EC0-301F-11D3-BF4B-00C04F79EFBC}") = "09-DoWhileDongusu", "09-DoWhileDongusu\09-DoWhileDongusu.csproj", "{20758F97-3DD2-4ABD-AF1F-9A7C2B2FAD43}"
EndProject
Global
	GlobalSection(SolutionConfigurationPlatforms) = preSolution
		Debug|Any CPU = Debug|Any CPU
		Release|Any CPU = Release|Any CPU
	EndGlobalSection
	GlobalSection(ProjectConfigurationPlatforms) = postSolution
		{BC022006-E4A0-498E-96D6-DF8193630EE6}.Debug|Any CPU.ActiveCfg = Debug|Any CPU
		{BC022006-E4A0-498E-96D6-DF8193630EE6}.Debug|Any CPU.Build.0 = Debug|Any CPU
		{BC022006-E4A0-498E-96D6-DF8193630EE6}.Release|Any CPU.ActiveCfg = Release|Any CPU
		{BC022006-E4A0-498E-96D6-DF8193630EE6}.Release|Any CPU.Build.0 = Release|Any CPU
		{677BD88D-7B67-486E-8786-31389BA2A764}.Debug|Any CPU.ActiveCfg = Debug|Any CPU
		{677BD88D-7B67-486E-8786-31389BA2A764}.Debug|Any CPU.Build.0 = Debug|Any CPU
		{677BD88D-7B67-486E-8786-31389BA2A764}.Release|Any CPU.ActiveCfg = Release|Any CPU
		{677BD88D-7B67-486E-8786-31389BA2A764}.Release|Any CPU.Build.0 = Release|Any CPU
		{87710975-24FA-4BF5-81E9-AA998082DE1F}.Debug|Any CPU.ActiveCfg = Debug|Any CPU
		{87710975-24FA-4BF5-81E9-AA998082DE1F}.Debug|Any CPU.Build.0 = Debug|Any CPU
		{87710975-24FA-4BF5-81E9-AA998082DE1F}.Release|Any CPU.ActiveCfg = Release|Any CPU
		{87710975-24FA-4BF5-81E9-AA998082DE1F}.Release|Any CPU.Build.0 = Release|Any CPU
		{462465FC-D83D-4043-845D-A340FC969A3F}.Debug|Any CPU.ActiveCfg = Debug|Any CPU
		{462465FC-D83D-4043-845D-A340FC969A3F}.Debug|Any CPU.Build.0 = Debug|Any CPU
		{462465FC-D83D-4043-845D-A340FC969A3F}.Release|Any CPU.ActiveCfg = Release|Any CPU
		{462465FC-D83D-4043-845D-A340FC969A3F}.Release|Any CPU.Build.0 = Release|Any CPU
		{8678424A-35DF-4F03-9111-E88F0CBBC1F9}.Debug|Any CPU.ActiveCfg = Debug|Any CPU
		{8678424A-35DF-4F03-9111-E88F0CBBC1F9}.Debug|Any CPU.Build.0 = Debug|Any CPU
		{8678424A-35DF-4F03-9111-E88F0CBBC1F9}.Release|Any CPU.ActiveCfg = Release|Any CPU
		{8678424A-35DF-4F03-9111-E88F0CBBC1F9}.Release|Any CPU.Build.0 = Release|Any CPU
		{82757D75-88A0-42F1-A3BE-B19D4534D83E}.Debug|Any CPU.ActiveCfg = Debug|Any CPU
		{82757D75-88A0-42F1-A3BE-B19D4534D83E}.Debug|Any CPU.Build.0 = Debug|Any CPU
		{82757D75-88A0-42F1-A3BE-B19D4534D83E}.Release|Any CPU.ActiveCfg = Release|Any CPU
		{82757D75-88A0-42F1-A3BE-B19D4534D83E}.Release|Any CPU.Build.0 = Release|Any CPU
		{7A0610BD-2BD8-4246-8883-B2260A4B7946}.Debug|Any CPU.ActiveCfg = Debug|Any CPU
		{7A0610BD-2BD8-4246-8883-B2260A4B7946}.Debug|Any CPU.Build.0 = Debug|Any CPU
		{7A0610BD-2BD8-4246-8883-B2260A4B7946}.Release|Any CPU.ActiveCfg = Release|Any CPU
		{7A0610BD-2BD8-4246-8883-B2260A4B7946}.Release|Any CPU.Build.0 = Release|Any CPU
		{A79FF1FD-8451-4508-9806-94556A8CEA18}.Debug|Any CPU.ActiveCfg = Debug|Any CPU
		{A79FF1FD-8451-4508-9806-94556A8CEA18}.Debug|Any CPU.Build.0 = Debug|Any CPU
		{A79FF1FD-8451-4508-9806-94556A8CEA18}.Release|Any CPU.ActiveCfg = Release|Any CPU
		{A79FF1FD-8451-4508-9806-94556A8CEA18}.Release|Any CPU.Build.0 = Release|Any CPU
		{20758F97-3DD2-4ABD-AF1F-9A7C2B2FAD43}.Debug|Any CPU.ActiveCfg = Debug|Any CPU
		{20758F97-3DD2-4ABD-AF1F-9A7C2B2FAD43}.Debug|Any CPU.Build.0 = Debug|Any CPU
		{20758F97-3DD2-4ABD-AF1F-9A7C2B2FAD43}.Release|Any CPU.ActiveCfg = Release|Any CPU
		{20758F97-3DD2-4ABD-AF1F-9A7C2B2FAD43}.Release|Any CPU.Build.0 = Release|Any CPU
	EndGlobalSection
	GlobalSection(SolutionProperties) = preSolution
		HideSolutionNode = FALSE
	EndGlobalSection
	GlobalSection(ExtensibilityGlobals) = postSolution
		SolutionGuid = {FD4B1221-C52A-4022-AC78-DCF4C7A9F656}
	EndGlobalSection
EndGlobal
