
Microsoft Visual Studio Solution File, Format Version 12.00
# Visual Studio Version 17
VisualStudioVersion = 17.7.34202.233
MinimumVisualStudioVersion = 10.0.40219.1
Project("{9A19103F-16F7-4668-BE54-9A1E7A4F7556}") = "01-VeriTipleriveDegiskenler", "01-VeriTipleriveDegiskenler\01-VeriTipleriveDegiskenler.csproj", "{BC022006-E4A0-498E-96D6-DF8193630EE6}"
EndProject
Project("{9A19103F-16F7-4668-BE54-9A1E7A4F7556}") = "02-AritmetikselOperatorler", "02-AritmetikselOperatorler\02-AritmetikselOperatorler.csproj", "{677BD88D-7B67-486E-8786-31389BA2A764}"
EndProject
Project("{9A19103F-16F7-4668-BE54-9A1E7A4F7556}") = "03-TipDonusturmeMetotlari", "03-TipDonusturmeMetotlari\03-TipDonusturmeMetotlari.csproj", "{87710975-24FA-4BF5-81E9-AA998082DE1F}"
EndProject
Project("{9A19103F-16F7-4668-BE54-9A1E7A4F7556}") = "04-MantiksalOperatorlerveIfElse", "04-MantiksalOperatorlerveIfElse\04-MantiksalOperatorlerveIfElse.csproj", "{462465FC-D83D-4043-845D-A340FC969A3F}"
EndProject
Project("{9A19103F-16F7-4668-BE54-9A1E7A4F7556}") = "05-SwitchCaseKullanimi", "05-SwitchCaseKullanimi\05-SwitchCaseKullanimi.csproj", "{8678424A-35DF-4F03-9111-E88F0CBBC1F9}"
EndProject
Project("{9A19103F-16F7-4668-BE54-9A1E7A4F7556}") = "06-TryCatchKullanimi", "06-TryCatchKullanimi\06-TryCatchKullanimi.csproj", "{82757D75-88A0-42F1-A3BE-B19D4534D83E}"
EndProject
Project("{9A19103F-16F7-4668-BE54-9A1E7A4F7556}") = "07-ForDongusu", "07-ForDongusu\07-ForDongusu.csproj", "{7A0610BD-2BD8-4246-8883-B2260A4B7946}"
EndProject
Project("{9A19103F-16F7-4668-BE54-9A1E7A4F7556}") = "08-WhileDongusu", "08-WhileDongusu\08-WhileDongusu.csproj", "{A79FF1FD-8451-4508-9806-94556A8CEA18}"
EndProject
Project("{9A19103F-16F7-4668-BE54-9A1E7A4F7556}") = "09-DoWhileDongusu", "09-DoWhileDongusu\09-DoWhileDongusu.csproj", "{20758F97-3DD2-4ABD-AF1F-9A7C2B2FAD43}"
EndProject
Project("{9A19103F-16F7-4668-BE54-9A1E7A4F7556}") = "09-Ornek-HesapMakinesi", "09-Ornek-HesapMakinesi\09-Ornek-HesapMakinesi.csproj", "{2B82739C-2561-4977-8DC9-97B4D7AE0B87}"
EndProject
Project("{9A19103F-16F7-4668-BE54-9A1E7A4F7556}") = "10-Break_Continue_Keywords", "10-Break_Continue_Keywords\10-Break_Continue_Keywords.csproj", "{3B4C0D8B-6B85-4CFD-A9B1-1A600A2611E1}"
EndProject
Project("{9A19103F-16F7-4668-BE54-9A1E7A4F7556}") = "11-DiziKavrami", "11-DiziKavrami\11-DiziKavrami.csproj", "{6B9B57AC-91FA-45E9-AF64-72C1A1696251}"
EndProject
Project("{9A19103F-16F7-4668-BE54-9A1E7A4F7556}") = "12-ForeachDongusu", "12-ForeachDongusu\12-ForeachDongusu.csproj", "{A092E093-CE7C-4402-9369-FFC2F6C1C569}"
EndProject
Project("{9A19103F-16F7-4668-BE54-9A1E7A4F7556}") = "13-DiziMetotlari", "13-DiziMetotlari\13-DiziMetotlari.csproj", "{DF0DEA60-05E9-43EC-9A81-A0271977B275}"
EndProject
Project("{9A19103F-16F7-4668-BE54-9A1E7A4F7556}") = "14-MethodKavrami", "14-MethodKavrami\14-MethodKavrami.csproj", "{CD67F192-BE17-486A-BE3E-CF615DBFA427}"
EndProject
Project("{9A19103F-16F7-4668-BE54-9A1E7A4F7556}") = "15-StringMetotlari", "15-StringMetotlari\15-StringMetotlari.csproj", "{709F417B-358B-4820-A3B1-A7B3043F2932}"
EndProject
Project("{9A19103F-16F7-4668-BE54-9A1E7A4F7556}") = "16-DateTimeMetotlari", "16-DateTimeMetotlari\16-DateTimeMetotlari.csproj", "{8EB29677-866E-4C70-8EBF-F1EA709C79FA}"
EndProject
Project("{FAE04EC0-301F-11D3-BF4B-00C04F79EFBC}") = "17-MathMetotlari", "17-MathMetotlari\17-MathMetotlari.csproj", "{A22C69F4-DB4A-4676-8F79-073A6C96700C}"
EndProject
Global
	GlobalSection(SolutionConfigurationPlatforms) = preSolution
		Debug|Any CPU = Debug|Any CPU
		Release|Any CPU = Release|Any CPU
	EndGlobalSection
	GlobalSection(ProjectConfigurationPlatforms) = postSolution
		{BC022006-E4A0-498E-96D6-DF8193630EE6}.Debug|Any CPU.ActiveCfg = Debug|Any CPU
		{BC022006-E4A0-498E-96D6-DF8193630EE6}.Debug|Any CPU.Build.0 = Debug|Any CPU
		{BC022006-E4A0-498E-96D6-DF8193630EE6}.Release|Any CPU.ActiveCfg = Release|Any CPU
		{BC022006-E4A0-498E-96D6-DF8193630EE6}.Release|Any CPU.Build.0 = Release|Any CPU
		{677BD88D-7B67-486E-8786-31389BA2A764}.Debug|Any CPU.ActiveCfg = Debug|Any CPU
		{677BD88D-7B67-486E-8786-31389BA2A764}.Debug|Any CPU.Build.0 = Debug|Any CPU
		{677BD88D-7B67-486E-8786-31389BA2A764}.Release|Any CPU.ActiveCfg = Release|Any CPU
		{677BD88D-7B67-486E-8786-31389BA2A764}.Release|Any CPU.Build.0 = Release|Any CPU
		{87710975-24FA-4BF5-81E9-AA998082DE1F}.Debug|Any CPU.ActiveCfg = Debug|Any CPU
		{87710975-24FA-4BF5-81E9-AA998082DE1F}.Debug|Any CPU.Build.0 = Debug|Any CPU
		{87710975-24FA-4BF5-81E9-AA998082DE1F}.Release|Any CPU.ActiveCfg = Release|Any CPU
		{87710975-24FA-4BF5-81E9-AA998082DE1F}.Release|Any CPU.Build.0 = Release|Any CPU
		{462465FC-D83D-4043-845D-A340FC969A3F}.Debug|Any CPU.ActiveCfg = Debug|Any CPU
		{462465FC-D83D-4043-845D-A340FC969A3F}.Debug|Any CPU.Build.0 = Debug|Any CPU
		{462465FC-D83D-4043-845D-A340FC969A3F}.Release|Any CPU.ActiveCfg = Release|Any CPU
		{462465FC-D83D-4043-845D-A340FC969A3F}.Release|Any CPU.Build.0 = Release|Any CPU
		{8678424A-35DF-4F03-9111-E88F0CBBC1F9}.Debug|Any CPU.ActiveCfg = Debug|Any CPU
		{8678424A-35DF-4F03-9111-E88F0CBBC1F9}.Debug|Any CPU.Build.0 = Debug|Any CPU
		{8678424A-35DF-4F03-9111-E88F0CBBC1F9}.Release|Any CPU.ActiveCfg = Release|Any CPU
		{8678424A-35DF-4F03-9111-E88F0CBBC1F9}.Release|Any CPU.Build.0 = Release|Any CPU
		{82757D75-88A0-42F1-A3BE-B19D4534D83E}.Debug|Any CPU.ActiveCfg = Debug|Any CPU
		{82757D75-88A0-42F1-A3BE-B19D4534D83E}.Debug|Any CPU.Build.0 = Debug|Any CPU
		{82757D75-88A0-42F1-A3BE-B19D4534D83E}.Release|Any CPU.ActiveCfg = Release|Any CPU
		{82757D75-88A0-42F1-A3BE-B19D4534D83E}.Release|Any CPU.Build.0 = Release|Any CPU
		{7A0610BD-2BD8-4246-8883-B2260A4B7946}.Debug|Any CPU.ActiveCfg = Debug|Any CPU
		{7A0610BD-2BD8-4246-8883-B2260A4B7946}.Debug|Any CPU.Build.0 = Debug|Any CPU
		{7A0610BD-2BD8-4246-8883-B2260A4B7946}.Release|Any CPU.ActiveCfg = Release|Any CPU
		{7A0610BD-2BD8-4246-8883-B2260A4B7946}.Release|Any CPU.Build.0 = Release|Any CPU
		{A79FF1FD-8451-4508-9806-94556A8CEA18}.Debug|Any CPU.ActiveCfg = Debug|Any CPU
		{A79FF1FD-8451-4508-9806-94556A8CEA18}.Debug|Any CPU.Build.0 = Debug|Any CPU
		{A79FF1FD-8451-4508-9806-94556A8CEA18}.Release|Any CPU.ActiveCfg = Release|Any CPU
		{A79FF1FD-8451-4508-9806-94556A8CEA18}.Release|Any CPU.Build.0 = Release|Any CPU
		{20758F97-3DD2-4ABD-AF1F-9A7C2B2FAD43}.Debug|Any CPU.ActiveCfg = Debug|Any CPU
		{20758F97-3DD2-4ABD-AF1F-9A7C2B2FAD43}.Debug|Any CPU.Build.0 = Debug|Any CPU
		{20758F97-3DD2-4ABD-AF1F-9A7C2B2FAD43}.Release|Any CPU.ActiveCfg = Release|Any CPU
		{20758F97-3DD2-4ABD-AF1F-9A7C2B2FAD43}.Release|Any CPU.Build.0 = Release|Any CPU
		{2B82739C-2561-4977-8DC9-97B4D7AE0B87}.Debug|Any CPU.ActiveCfg = Debug|Any CPU
		{2B82739C-2561-4977-8DC9-97B4D7AE0B87}.Debug|Any CPU.Build.0 = Debug|Any CPU
		{2B82739C-2561-4977-8DC9-97B4D7AE0B87}.Release|Any CPU.ActiveCfg = Release|Any CPU
		{2B82739C-2561-4977-8DC9-97B4D7AE0B87}.Release|Any CPU.Build.0 = Release|Any CPU
		{3B4C0D8B-6B85-4CFD-A9B1-1A600A2611E1}.Debug|Any CPU.ActiveCfg = Debug|Any CPU
		{3B4C0D8B-6B85-4CFD-A9B1-1A600A2611E1}.Debug|Any CPU.Build.0 = Debug|Any CPU
		{3B4C0D8B-6B85-4CFD-A9B1-1A600A2611E1}.Release|Any CPU.ActiveCfg = Release|Any CPU
		{3B4C0D8B-6B85-4CFD-A9B1-1A600A2611E1}.Release|Any CPU.Build.0 = Release|Any CPU
		{6B9B57AC-91FA-45E9-AF64-72C1A1696251}.Debug|Any CPU.ActiveCfg = Debug|Any CPU
		{6B9B57AC-91FA-45E9-AF64-72C1A1696251}.Debug|Any CPU.Build.0 = Debug|Any CPU
		{6B9B57AC-91FA-45E9-AF64-72C1A1696251}.Release|Any CPU.ActiveCfg = Release|Any CPU
		{6B9B57AC-91FA-45E9-AF64-72C1A1696251}.Release|Any CPU.Build.0 = Release|Any CPU
		{A092E093-CE7C-4402-9369-FFC2F6C1C569}.Debug|Any CPU.ActiveCfg = Debug|Any CPU
		{A092E093-CE7C-4402-9369-FFC2F6C1C569}.Debug|Any CPU.Build.0 = Debug|Any CPU
		{A092E093-CE7C-4402-9369-FFC2F6C1C569}.Release|Any CPU.ActiveCfg = Release|Any CPU
		{A092E093-CE7C-4402-9369-FFC2F6C1C569}.Release|Any CPU.Build.0 = Release|Any CPU
		{DF0DEA60-05E9-43EC-9A81-A0271977B275}.Debug|Any CPU.ActiveCfg = Debug|Any CPU
		{DF0DEA60-05E9-43EC-9A81-A0271977B275}.Debug|Any CPU.Build.0 = Debug|Any CPU
		{DF0DEA60-05E9-43EC-9A81-A0271977B275}.Release|Any CPU.ActiveCfg = Release|Any CPU
		{DF0DEA60-05E9-43EC-9A81-A0271977B275}.Release|Any CPU.Build.0 = Release|Any CPU
		{CD67F192-BE17-486A-BE3E-CF615DBFA427}.Debug|Any CPU.ActiveCfg = Debug|Any CPU
		{CD67F192-BE17-486A-BE3E-CF615DBFA427}.Debug|Any CPU.Build.0 = Debug|Any CPU
		{CD67F192-BE17-486A-BE3E-CF615DBFA427}.Release|Any CPU.ActiveCfg = Release|Any CPU
		{CD67F192-BE17-486A-BE3E-CF615DBFA427}.Release|Any CPU.Build.0 = Release|Any CPU
		{709F417B-358B-4820-A3B1-A7B3043F2932}.Debug|Any CPU.ActiveCfg = Debug|Any CPU
		{709F417B-358B-4820-A3B1-A7B3043F2932}.Debug|Any CPU.Build.0 = Debug|Any CPU
		{709F417B-358B-4820-A3B1-A7B3043F2932}.Release|Any CPU.ActiveCfg = Release|Any CPU
		{709F417B-358B-4820-A3B1-A7B3043F2932}.Release|Any CPU.Build.0 = Release|Any CPU
		{8EB29677-866E-4C70-8EBF-F1EA709C79FA}.Debug|Any CPU.ActiveCfg = Debug|Any CPU
		{8EB29677-866E-4C70-8EBF-F1EA709C79FA}.Debug|Any CPU.Build.0 = Debug|Any CPU
		{8EB29677-866E-4C70-8EBF-F1EA709C79FA}.Release|Any CPU.ActiveCfg = Release|Any CPU
		{8EB29677-866E-4C70-8EBF-F1EA709C79FA}.Release|Any CPU.Build.0 = Release|Any CPU
		{A22C69F4-DB4A-4676-8F79-073A6C96700C}.Debug|Any CPU.ActiveCfg = Debug|Any CPU
		{A22C69F4-DB4A-4676-8F79-073A6C96700C}.Debug|Any CPU.Build.0 = Debug|Any CPU
		{A22C69F4-DB4A-4676-8F79-073A6C96700C}.Release|Any CPU.ActiveCfg = Release|Any CPU
		{A22C69F4-DB4A-4676-8F79-073A6C96700C}.Release|Any CPU.Build.0 = Release|Any CPU
	EndGlobalSection
	GlobalSection(SolutionProperties) = preSolution
		HideSolutionNode = FALSE
	EndGlobalSection
	GlobalSection(ExtensibilityGlobals) = postSolution
		SolutionGuid = {FD4B1221-C52A-4022-AC78-DCF4C7A9F656}
	EndGlobalSection
EndGlobal
