
Microsoft Visual Studio Solution File, Format Version 12.00
# Visual Studio Version 17
VisualStudioVersion = 17.7.34202.233
MinimumVisualStudioVersion = 10.0.40219.1
Project("{FAE04EC0-301F-11D3-BF4B-00C04F79EFBC}") = "01-VeriTipleriveDegiskenler", "01-VeriTipleriveDegiskenler\01-VeriTipleriveDegiskenler.csproj", "{BC022006-E4A0-498E-96D6-DF8193630EE6}"
EndProject
Global
	GlobalSection(SolutionConfigurationPlatforms) = preSolution
		Debug|Any CPU = Debug|Any CPU
		Release|Any CPU = Release|Any CPU
	EndGlobalSection
	GlobalSection(ProjectConfigurationPlatforms) = postSolution
		{BC022006-E4A0-498E-96D6-DF8193630EE6}.Debug|Any CPU.ActiveCfg = Debug|Any CPU
		{BC022006-E4A0-498E-96D6-DF8193630EE6}.Debug|Any CPU.Build.0 = Debug|Any CPU
		{BC022006-E4A0-498E-96D6-DF8193630EE6}.Release|Any CPU.ActiveCfg = Release|Any CPU
		{BC022006-E4A0-498E-96D6-DF8193630EE6}.Release|Any CPU.Build.0 = Release|Any CPU
	EndGlobalSection
	GlobalSection(SolutionProperties) = preSolution
		HideSolutionNode = FALSE
	EndGlobalSection
	GlobalSection(ExtensibilityGlobals) = postSolution
		SolutionGuid = {FD4B1221-C52A-4022-AC78-DCF4C7A9F656}
	EndGlobalSection
EndGlobal
