
Microsoft Visual Studio Solution File, Format Version 12.00
# Visual Studio Version 17
VisualStudioVersion = 17.8.34525.116
MinimumVisualStudioVersion = 10.0.40219.1
Project("{FAE04EC0-301F-11D3-BF4B-00C04F79EFBC}") = "BookStore.Entities", "BookStore.Entities\BookStore.Entities.csproj", "{2653BEE3-BBE6-408E-8A45-382F4E6BECCD}"
EndProject
Project("{FAE04EC0-301F-11D3-BF4B-00C04F79EFBC}") = "BookStore.Panel", "BookStore.Panel\BookStore.Panel.csproj", "{0E63A93B-90F0-46B9-AD49-E534EEDDB765}"
EndProject
Global
	GlobalSection(SolutionConfigurationPlatforms) = preSolution
		Debug|Any CPU = Debug|Any CPU
		Release|Any CPU = Release|Any CPU
	EndGlobalSection
	GlobalSection(ProjectConfigurationPlatforms) = postSolution
		{2653BEE3-BBE6-408E-8A45-382F4E6BECCD}.Debug|Any CPU.ActiveCfg = Debug|Any CPU
		{2653BEE3-BBE6-408E-8A45-382F4E6BECCD}.Debug|Any CPU.Build.0 = Debug|Any CPU
		{2653BEE3-BBE6-408E-8A45-382F4E6BECCD}.Release|Any CPU.ActiveCfg = Release|Any CPU
		{2653BEE3-BBE6-408E-8A45-382F4E6BECCD}.Release|Any CPU.Build.0 = Release|Any CPU
		{0E63A93B-90F0-46B9-AD49-E534EEDDB765}.Debug|Any CPU.ActiveCfg = Debug|Any CPU
		{0E63A93B-90F0-46B9-AD49-E534EEDDB765}.Debug|Any CPU.Build.0 = Debug|Any CPU
		{0E63A93B-90F0-46B9-AD49-E534EEDDB765}.Release|Any CPU.ActiveCfg = Release|Any CPU
		{0E63A93B-90F0-46B9-AD49-E534EEDDB765}.Release|Any CPU.Build.0 = Release|Any CPU
	EndGlobalSection
	GlobalSection(SolutionProperties) = preSolution
		HideSolutionNode = FALSE
	EndGlobalSection
	GlobalSection(ExtensibilityGlobals) = postSolution
		SolutionGuid = {481C4897-369D-48AC-9308-4B2D70662191}
	EndGlobalSection
EndGlobal
